
Microsoft Visual Studio Solution File, Format Version 12.00
# Visual Studio Version 16
VisualStudioVersion = 16.0.31702.278
MinimumVisualStudioVersion = 10.0.40219.1
Project("{FAE04EC0-301F-11D3-BF4B-00C04F79EFBC}") = "AppLibrosDB", "AppLibrosDB.csproj", "{EA86ACB2-3578-4E11-BD0A-A9DA86F2692E}"
EndProject
Global
	GlobalSection(SolutionConfigurationPlatforms) = preSolution
		Debug|Any CPU = Debug|Any CPU
		Release|Any CPU = Release|Any CPU
	EndGlobalSection
	GlobalSection(ProjectConfigurationPlatforms) = postSolution
		{EA86ACB2-3578-4E11-BD0A-A9DA86F2692E}.Debug|Any CPU.ActiveCfg = Debug|Any CPU
		{EA86ACB2-3578-4E11-BD0A-A9DA86F2692E}.Debug|Any CPU.Build.0 = Debug|Any CPU
		{EA86ACB2-3578-4E11-BD0A-A9DA86F2692E}.Release|Any CPU.ActiveCfg = Release|Any CPU
		{EA86ACB2-3578-4E11-BD0A-A9DA86F2692E}.Release|Any CPU.Build.0 = Release|Any CPU
	EndGlobalSection
	GlobalSection(SolutionProperties) = preSolution
		HideSolutionNode = FALSE
	EndGlobalSection
	GlobalSection(ExtensibilityGlobals) = postSolution
		SolutionGuid = {351214FC-A58B-463A-BBCE-6FFE8385C767}
	EndGlobalSection
EndGlobal
